schema: '2.0'
stages:
  build-features:
    cmd: python src/features/build_features.py
    deps:
    - path: data/raw/
      hash: md5
      md5: 8273fe100419b7a02b46553d46cd654d.dir
      size: 1245866
      nfiles: 3
    - path: src/features/build_features.py
      hash: md5
      md5: 987e7a3fef6b46f73ca8b653163f1c75
      size: 1113
  train-model:
    cmd: python src/models/train_model.py data/processed/
    deps:
    - path: data/processed/
      hash: md5
      md5: f20be619b294ad52526f300b28e9276d.dir
      size: 818208
      nfiles: 3
    - path: src/models/train_model.py
      hash: md5
      md5: 5c0e1cf26dedca073e8abafc5a3249fd
      size: 3523
    params:
      params.yaml:
        train_model.max_depth: 5
        train_model.max_features: 6
        train_model.max_samples: 5
        train_model.n_estimators: 100
        train_model.seed: 23
    outs:
    - path: models/
      hash: md5
      md5: d987b4a13fc02e4779ed95ad00a31237.dir
      size: 92227
      nfiles: 1
