schema: '2.0'
stages:
  build-features:
    cmd: python src/features/build_features.py
    deps:
    - path: data/raw/
      hash: md5
      md5: 8273fe100419b7a02b46553d46cd654d.dir
      size: 1245866
      nfiles: 3
    - path: src/features/build_features.py
      hash: md5
      md5: 987e7a3fef6b46f73ca8b653163f1c75
      size: 1113
  train-model:
    cmd: python src/models/train_model.py data/processed/
    deps:
    - path: data/processed/
      hash: md5
      md5: f20be619b294ad52526f300b28e9276d.dir
      size: 818208
      nfiles: 3
    - path: src/models/train_model.py
      hash: md5
      md5: 41f4d7dc28b660e07a4b8981c08026ec
      size: 3369
    outs:
    - path: models/
      hash: md5
      md5: a88df8ef3e13f800ad164a28ed35e5c7.dir
      size: 56762
      nfiles: 1
